
Microsoft Visual Studio Solution File, Format Version 12.00
# Visual Studio Version 17
VisualStudioVersion = 17.7.34202.233
MinimumVisualStudioVersion = 10.0.40219.1
Project("{9A19103F-16F7-4668-BE54-9A1E7A4F7556}") = "HogWildWebApp", "HogWildWebApp\HogWildWebApp.csproj", "{7DAF7BB9-914B-45CB-8DA3-E3361E07CB45}"
EndProject
Project("{9A19103F-16F7-4668-BE54-9A1E7A4F7556}") = "HogWildSystem", "HogWildSystem\HogWildSystem.csproj", "{10C8EC64-F766-4688-83FF-6FB5D1D0320C}"
EndProject
Global
	GlobalSection(SolutionConfigurationPlatforms) = preSolution
		Debug|Any CPU = Debug|Any CPU
		Release|Any CPU = Release|Any CPU
	EndGlobalSection
	GlobalSection(ProjectConfigurationPlatforms) = postSolution
		{7DAF7BB9-914B-45CB-8DA3-E3361E07CB45}.Debug|Any CPU.ActiveCfg = Debug|Any CPU
		{7DAF7BB9-914B-45CB-8DA3-E3361E07CB45}.Debug|Any CPU.Build.0 = Debug|Any CPU
		{7DAF7BB9-914B-45CB-8DA3-E3361E07CB45}.Release|Any CPU.ActiveCfg = Release|Any CPU
		{7DAF7BB9-914B-45CB-8DA3-E3361E07CB45}.Release|Any CPU.Build.0 = Release|Any CPU
		{10C8EC64-F766-4688-83FF-6FB5D1D0320C}.Debug|Any CPU.ActiveCfg = Debug|Any CPU
		{10C8EC64-F766-4688-83FF-6FB5D1D0320C}.Debug|Any CPU.Build.0 = Debug|Any CPU
		{10C8EC64-F766-4688-83FF-6FB5D1D0320C}.Release|Any CPU.ActiveCfg = Release|Any CPU
		{10C8EC64-F766-4688-83FF-6FB5D1D0320C}.Release|Any CPU.Build.0 = Release|Any CPU
	EndGlobalSection
	GlobalSection(SolutionProperties) = preSolution
		HideSolutionNode = FALSE
	EndGlobalSection
	GlobalSection(ExtensibilityGlobals) = postSolution
		SolutionGuid = {371C34B9-91B8-4BA1-9E23-A846F002EBE1}
	EndGlobalSection
EndGlobal
